// !$*UTF8*$!
{
	archiveVersion = 1;
	classes = {
	};
	objectVersion = 46;
	objects = {

/* Begin PBXBuildFile section */
		5E237E871903495E00D9C6CF /* CWDepthView.m in Sources */ = {isa = PBXBuildFile; fileRef = 5E237E861903495E00D9C6CF /* CWDepthView.m */; };
		5E237E891904413E00D9C6CF /* CBAMainViewController.m in Sources */ = {isa = PBXBuildFile; fileRef = 5E237E881904413E00D9C6CF /* CBAMainViewController.m */; };
		5E237E8F190447F300D9C6CF /* CBAAboutViewController.m in Sources */ = {isa = PBXBuildFile; fileRef = 5E237E8D190447F300D9C6CF /* CBAAboutViewController.m */; };
		5E237E90190447F300D9C6CF /* CBAAboutViewController.xib in Resources */ = {isa = PBXBuildFile; fileRef = 5E237E8E190447F300D9C6CF /* CBAAboutViewController.xib */; };
		5E2C19ED1902ED4600199075 /* CBAStopTableViewCell.m in Sources */ = {isa = PBXBuildFile; fileRef = 5E2C19EB1902ED4600199075 /* CBAStopTableViewCell.m */; };
		5E2C19EE1902ED4600199075 /* CBAStopTableViewCell.xib in Resources */ = {isa = PBXBuildFile; fileRef = 5E2C19EC1902ED4600199075 /* CBAStopTableViewCell.xib */; };
		5E9D5757190460DD00321A6B /* CBAAboutNavigationViewController.m in Sources */ = {isa = PBXBuildFile; fileRef = 5E9D5756190460DD00321A6B /* CBAAboutNavigationViewController.m */; };
		5E9D575C19046A8300321A6B /* CBAContractViewController.m in Sources */ = {isa = PBXBuildFile; fileRef = 5E9D575A19046A8300321A6B /* CBAContractViewController.m */; };
		5E9D575D19046A8300321A6B /* CBAContractViewController.xib in Resources */ = {isa = PBXBuildFile; fileRef = 5E9D575B19046A8300321A6B /* CBAContractViewController.xib */; };
		5E9D882719032A4400C41F1A /* BusData.m in Sources */ = {isa = PBXBuildFile; fileRef = 5E9D882619032A4400C41F1A /* BusData.m */; };
		5E9D882B19032A5300C41F1A /* Routes.m in Sources */ = {isa = PBXBuildFile; fileRef = 5E9D882A19032A5300C41F1A /* Routes.m */; };
		5E9D882F19032A5B00C41F1A /* Stops.m in Sources */ = {isa = PBXBuildFile; fileRef = 5E9D882E19032A5B00C41F1A /* Stops.m */; };
		5E9D883319032A6800C41F1A /* Arrivals.m in Sources */ = {isa = PBXBuildFile; fileRef = 5E9D883219032A6800C41F1A /* Arrivals.m */; };
		5E9D88381903379F00C41F1A /* UIColor+Hex.m in Sources */ = {isa = PBXBuildFile; fileRef = 5E9D88371903379F00C41F1A /* UIColor+Hex.m */; };
		5E9D8842190344B000C41F1A /* CBAScheduleViewController.m in Sources */ = {isa = PBXBuildFile; fileRef = 5E9D8840190344B000C41F1A /* CBAScheduleViewController.m */; };
		5E9D8843190344B000C41F1A /* CBAScheduleViewController.xib in Resources */ = {isa = PBXBuildFile; fileRef = 5E9D8841190344B000C41F1A /* CBAScheduleViewController.xib */; };
		5ECD7E7E1900DB81002AE274 /* Foundation.framework in Frameworks */ = {isa = PBXBuildFile; fileRef = 5ECD7E7D1900DB81002AE274 /* Foundation.framework */; };
		5ECD7E801900DB81002AE274 /* CoreGraphics.framework in Frameworks */ = {isa = PBXBuildFile; fileRef = 5ECD7E7F1900DB81002AE274 /* CoreGraphics.framework */; };
		5ECD7E821900DB81002AE274 /* UIKit.framework in Frameworks */ = {isa = PBXBuildFile; fileRef = 5ECD7E811900DB81002AE274 /* UIKit.framework */; };
		5ECD7E881900DB81002AE274 /* InfoPlist.strings in Resources */ = {isa = PBXBuildFile; fileRef = 5ECD7E861900DB81002AE274 /* InfoPlist.strings */; };
		5ECD7E8A1900DB81002AE274 /* main.m in Sources */ = {isa = PBXBuildFile; fileRef = 5ECD7E891900DB81002AE274 /* main.m */; };
		5ECD7E8E1900DB81002AE274 /* AppDelegate.m in Sources */ = {isa = PBXBuildFile; fileRef = 5ECD7E8D1900DB81002AE274 /* AppDelegate.m */; };
		5ECD7E901900DB81002AE274 /* Images.xcassets in Resources */ = {isa = PBXBuildFile; fileRef = 5ECD7E8F1900DB81002AE274 /* Images.xcassets */; };
		5ECD7E971900DB81002AE274 /* XCTest.framework in Frameworks */ = {isa = PBXBuildFile; fileRef = 5ECD7E961900DB81002AE274 /* XCTest.framework */; };
		5ECD7E981900DB81002AE274 /* Foundation.framework in Frameworks */ = {isa = PBXBuildFile; fileRef = 5ECD7E7D1900DB81002AE274 /* Foundation.framework */; };
		5ECD7E991900DB81002AE274 /* UIKit.framework in Frameworks */ = {isa = PBXBuildFile; fileRef = 5ECD7E811900DB81002AE274 /* UIKit.framework */; };
		5ECD7EA11900DB81002AE274 /* InfoPlist.strings in Resources */ = {isa = PBXBuildFile; fileRef = 5ECD7E9F1900DB81002AE274 /* InfoPlist.strings */; };
		5ECD7EA31900DB81002AE274 /* CorvallisBusAppTests.m in Sources */ = {isa = PBXBuildFile; fileRef = 5ECD7EA21900DB81002AE274 /* CorvallisBusAppTests.m */; };
		5ED32E651900E0D200692D18 /* CBAMainViewController.xib in Resources */ = {isa = PBXBuildFile; fileRef = 5ED32E631900E0D200692D18 /* CBAMainViewController.xib */; };
		5EEABBF31902FBF10031A884 /* CBAFullMapPanelViewController.m in Sources */ = {isa = PBXBuildFile; fileRef = 5EEABBF11902FBF10031A884 /* CBAFullMapPanelViewController.m */; };
		5EEABBF41902FBF10031A884 /* CBAFullMapPanelViewController.xib in Resources */ = {isa = PBXBuildFile; fileRef = 5EEABBF21902FBF10031A884 /* CBAFullMapPanelViewController.xib */; };
		5EFCB4B81904536B006038D7 /* CBALegalViewController.m in Sources */ = {isa = PBXBuildFile; fileRef = 5EFCB4B61904536B006038D7 /* CBALegalViewController.m */; };
		5EFCB4B91904536B006038D7 /* CBALegalViewController.xib in Resources */ = {isa = PBXBuildFile; fileRef = 5EFCB4B71904536B006038D7 /* CBALegalViewController.xib */; };
		915FACC6B33147158C4AFFA4 /* libPods.a in Frameworks */ = {isa = PBXBuildFile; fileRef = B1CC1EEF6CCB4FD0A586EECB /* libPods.a */; };
/* End PBXBuildFile section */

/* Begin PBXContainerItemProxy section */
		5ECD7E9A1900DB81002AE274 /* PBXContainerItemProxy */ = {
			isa = PBXContainerItemProxy;
			containerPortal = 5ECD7E721900DB81002AE274 /* Project object */;
			proxyType = 1;
			remoteGlobalIDString = 5ECD7E791900DB81002AE274;
			remoteInfo = CorvallisBusApp;
		};
/* End PBXContainerItemProxy section */

/* Begin PBXFileReference section */
		5E237E851903495E00D9C6CF /* CWDepthView.h */ = {isa = PBXFileReference; fileEncoding = 4; lastKnownFileType = sourcecode.c.h; path = CWDepthView.h; sourceTree = "<group>"; };
		5E237E861903495E00D9C6CF /* CWDepthView.m */ = {isa = PBXFileReference; fileEncoding = 4; lastKnownFileType = sourcecode.c.objc; path = CWDepthView.m; sourceTree = "<group>"; };
		5E237E881904413E00D9C6CF /* CBAMainViewController.m */ = {isa = PBXFileReference; fileEncoding = 4; lastKnownFileType = sourcecode.c.objc; path = CBAMainViewController.m; sourceTree = "<group>"; };
		5E237E8C190447F300D9C6CF /* CBAAboutViewController.h */ = {isa = PBXFileReference; fileEncoding = 4; lastKnownFileType = sourcecode.c.h; path = CBAAboutViewController.h; sourceTree = "<group>"; };
		5E237E8D190447F300D9C6CF /* CBAAboutViewController.m */ = {isa = PBXFileReference; fileEncoding = 4; lastKnownFileType = sourcecode.c.objc; path = CBAAboutViewController.m; sourceTree = "<group>"; };
		5E237E8E190447F300D9C6CF /* CBAAboutViewController.xib */ = {isa = PBXFileReference; fileEncoding = 4; lastKnownFileType = file.xib; path = CBAAboutViewController.xib; sourceTree = "<group>"; };
		5E2C19EA1902ED4600199075 /* CBAStopTableViewCell.h */ = {isa = PBXFileReference; fileEncoding = 4; lastKnownFileType = sourcecode.c.h; path = CBAStopTableViewCell.h; sourceTree = "<group>"; };
		5E2C19EB1902ED4600199075 /* CBAStopTableViewCell.m */ = {isa = PBXFileReference; fileEncoding = 4; lastKnownFileType = sourcecode.c.objc; path = CBAStopTableViewCell.m; sourceTree = "<group>"; };
		5E2C19EC1902ED4600199075 /* CBAStopTableViewCell.xib */ = {isa = PBXFileReference; fileEncoding = 4; lastKnownFileType = file.xib; path = CBAStopTableViewCell.xib; sourceTree = "<group>"; };
		5E9D5755190460DD00321A6B /* CBAAboutNavigationViewController.h */ = {isa = PBXFileReference; fileEncoding = 4; lastKnownFileType = sourcecode.c.h; path = CBAAboutNavigationViewController.h; sourceTree = "<group>"; };
		5E9D5756190460DD00321A6B /* CBAAboutNavigationViewController.m */ = {isa = PBXFileReference; fileEncoding = 4; lastKnownFileType = sourcecode.c.objc; path = CBAAboutNavigationViewController.m; sourceTree = "<group>"; };
		5E9D575919046A8300321A6B /* CBAContractViewController.h */ = {isa = PBXFileReference; fileEncoding = 4; lastKnownFileType = sourcecode.c.h; path = CBAContractViewController.h; sourceTree = "<group>"; };
		5E9D575A19046A8300321A6B /* CBAContractViewController.m */ = {isa = PBXFileReference; fileEncoding = 4; lastKnownFileType = sourcecode.c.objc; path = CBAContractViewController.m; sourceTree = "<group>"; };
		5E9D575B19046A8300321A6B /* CBAContractViewController.xib */ = {isa = PBXFileReference; fileEncoding = 4; lastKnownFileType = file.xib; path = CBAContractViewController.xib; sourceTree = "<group>"; };
		5E9D882519032A4400C41F1A /* BusData.h */ = {isa = PBXFileReference; fileEncoding = 4; lastKnownFileType = sourcecode.c.h; path = BusData.h; sourceTree = "<group>"; };
		5E9D882619032A4400C41F1A /* BusData.m */ = {isa = PBXFileReference; fileEncoding = 4; lastKnownFileType = sourcecode.c.objc; path = BusData.m; sourceTree = "<group>"; };
		5E9D882919032A5300C41F1A /* Routes.h */ = {isa = PBXFileReference; fileEncoding = 4; lastKnownFileType = sourcecode.c.h; path = Routes.h; sourceTree = "<group>"; };
		5E9D882A19032A5300C41F1A /* Routes.m */ = {isa = PBXFileReference; fileEncoding = 4; lastKnownFileType = sourcecode.c.objc; path = Routes.m; sourceTree = "<group>"; };
		5E9D882D19032A5B00C41F1A /* Stops.h */ = {isa = PBXFileReference; fileEncoding = 4; lastKnownFileType = sourcecode.c.h; path = Stops.h; sourceTree = "<group>"; };
		5E9D882E19032A5B00C41F1A /* Stops.m */ = {isa = PBXFileReference; fileEncoding = 4; lastKnownFileType = sourcecode.c.objc; path = Stops.m; sourceTree = "<group>"; };
		5E9D883119032A6800C41F1A /* Arrivals.h */ = {isa = PBXFileReference; fileEncoding = 4; lastKnownFileType = sourcecode.c.h; path = Arrivals.h; sourceTree = "<group>"; };
		5E9D883219032A6800C41F1A /* Arrivals.m */ = {isa = PBXFileReference; fileEncoding = 4; lastKnownFileType = sourcecode.c.objc; path = Arrivals.m; sourceTree = "<group>"; };
		5E9D88361903379F00C41F1A /* UIColor+Hex.h */ = {isa = PBXFileReference; fileEncoding = 4; lastKnownFileType = sourcecode.c.h; path = "UIColor+Hex.h"; sourceTree = "<group>"; };
		5E9D88371903379F00C41F1A /* UIColor+Hex.m */ = {isa = PBXFileReference; fileEncoding = 4; lastKnownFileType = sourcecode.c.objc; path = "UIColor+Hex.m"; sourceTree = "<group>"; };
		5E9D883F190344B000C41F1A /* CBAScheduleViewController.h */ = {isa = PBXFileReference; fileEncoding = 4; lastKnownFileType = sourcecode.c.h; path = CBAScheduleViewController.h; sourceTree = "<group>"; };
		5E9D8840190344B000C41F1A /* CBAScheduleViewController.m */ = {isa = PBXFileReference; fileEncoding = 4; lastKnownFileType = sourcecode.c.objc; path = CBAScheduleViewController.m; sourceTree = "<group>"; };
		5E9D8841190344B000C41F1A /* CBAScheduleViewController.xib */ = {isa = PBXFileReference; fileEncoding = 4; lastKnownFileType = file.xib; path = CBAScheduleViewController.xib; sourceTree = "<group>"; };
		5ECD7E7A1900DB81002AE274 /* CorBus.app */ = {isa = PBXFileReference; explicitFileType = wrapper.application; includeInIndex = 0; path = CorBus.app; sourceTree = BUILT_PRODUCTS_DIR; };
		5ECD7E7D1900DB81002AE274 /* Foundation.framework */ = {isa = PBXFileReference; lastKnownFileType = wrapper.framework; name = Foundation.framework; path = System/Library/Frameworks/Foundation.framework; sourceTree = SDKROOT; };
		5ECD7E7F1900DB81002AE274 /* CoreGraphics.framework */ = {isa = PBXFileReference; lastKnownFileType = wrapper.framework; name = CoreGraphics.framework; path = System/Library/Frameworks/CoreGraphics.framework; sourceTree = SDKROOT; };
		5ECD7E811900DB81002AE274 /* UIKit.framework */ = {isa = PBXFileReference; lastKnownFileType = wrapper.framework; name = UIKit.framework; path = System/Library/Frameworks/UIKit.framework; sourceTree = SDKROOT; };
		5ECD7E851900DB81002AE274 /* CorvallisBusApp-Info.plist */ = {isa = PBXFileReference; lastKnownFileType = text.plist.xml; path = "CorvallisBusApp-Info.plist"; sourceTree = "<group>"; };
		5ECD7E871900DB81002AE274 /* en */ = {isa = PBXFileReference; lastKnownFileType = text.plist.strings; name = en; path = en.lproj/InfoPlist.strings; sourceTree = "<group>"; };
		5ECD7E891900DB81002AE274 /* main.m */ = {isa = PBXFileReference; lastKnownFileType = sourcecode.c.objc; path = main.m; sourceTree = "<group>"; };
		5ECD7E8B1900DB81002AE274 /* CorvallisBusApp-Prefix.pch */ = {isa = PBXFileReference; lastKnownFileType = sourcecode.c.h; path = "CorvallisBusApp-Prefix.pch"; sourceTree = "<group>"; };
		5ECD7E8C1900DB81002AE274 /* AppDelegate.h */ = {isa = PBXFileReference; lastKnownFileType = sourcecode.c.h; path = AppDelegate.h; sourceTree = "<group>"; };
		5ECD7E8D1900DB81002AE274 /* AppDelegate.m */ = {isa = PBXFileReference; lastKnownFileType = sourcecode.c.objc; path = AppDelegate.m; sourceTree = "<group>"; };
		5ECD7E8F1900DB81002AE274 /* Images.xcassets */ = {isa = PBXFileReference; lastKnownFileType = folder.assetcatalog; path = Images.xcassets; sourceTree = "<group>"; };
		5ECD7E951900DB81002AE274 /* CorvallisBusAppTests.xctest */ = {isa = PBXFileReference; explicitFileType = wrapper.cfbundle; includeInIndex = 0; path = CorvallisBusAppTests.xctest; sourceTree = BUILT_PRODUCTS_DIR; };
		5ECD7E961900DB81002AE274 /* XCTest.framework */ = {isa = PBXFileReference; lastKnownFileType = wrapper.framework; name = XCTest.framework; path = Library/Frameworks/XCTest.framework; sourceTree = DEVELOPER_DIR; };
		5ECD7E9E1900DB81002AE274 /* CorvallisBusAppTests-Info.plist */ = {isa = PBXFileReference; lastKnownFileType = text.plist.xml; path = "CorvallisBusAppTests-Info.plist"; sourceTree = "<group>"; };
		5ECD7EA01900DB81002AE274 /* en */ = {isa = PBXFileReference; lastKnownFileType = text.plist.strings; name = en; path = en.lproj/InfoPlist.strings; sourceTree = "<group>"; };
		5ECD7EA21900DB81002AE274 /* CorvallisBusAppTests.m */ = {isa = PBXFileReference; lastKnownFileType = sourcecode.c.objc; path = CorvallisBusAppTests.m; sourceTree = "<group>"; };
		5ED32E611900E0D200692D18 /* CBAMainViewController.h */ = {isa = PBXFileReference; fileEncoding = 4; lastKnownFileType = sourcecode.c.h; path = CBAMainViewController.h; sourceTree = "<group>"; };
		5ED32E631900E0D200692D18 /* CBAMainViewController.xib */ = {isa = PBXFileReference; fileEncoding = 4; lastKnownFileType = file.xib; path = CBAMainViewController.xib; sourceTree = "<group>"; };
		5EEABBF01902FBF10031A884 /* CBAFullMapPanelViewController.h */ = {isa = PBXFileReference; fileEncoding = 4; lastKnownFileType = sourcecode.c.h; path = CBAFullMapPanelViewController.h; sourceTree = "<group>"; };
		5EEABBF11902FBF10031A884 /* CBAFullMapPanelViewController.m */ = {isa = PBXFileReference; fileEncoding = 4; lastKnownFileType = sourcecode.c.objc; path = CBAFullMapPanelViewController.m; sourceTree = "<group>"; };
		5EEABBF21902FBF10031A884 /* CBAFullMapPanelViewController.xib */ = {isa = PBXFileReference; fileEncoding = 4; lastKnownFileType = file.xib; path = CBAFullMapPanelViewController.xib; sourceTree = "<group>"; };
		5EFCB4B51904536B006038D7 /* CBALegalViewController.h */ = {isa = PBXFileReference; fileEncoding = 4; lastKnownFileType = sourcecode.c.h; path = CBALegalViewController.h; sourceTree = "<group>"; };
		5EFCB4B61904536B006038D7 /* CBALegalViewController.m */ = {isa = PBXFileReference; fileEncoding = 4; lastKnownFileType = sourcecode.c.objc; path = CBALegalViewController.m; sourceTree = "<group>"; };
		5EFCB4B71904536B006038D7 /* CBALegalViewController.xib */ = {isa = PBXFileReference; fileEncoding = 4; lastKnownFileType = file.xib; path = CBALegalViewController.xib; sourceTree = "<group>"; };
		6FEED512C52541DFA46262C5 /* Pods.xcconfig */ = {isa = PBXFileReference; includeInIndex = 1; lastKnownFileType = text.xcconfig; name = Pods.xcconfig; path = Pods/Pods.xcconfig; sourceTree = "<group>"; };
		B1CC1EEF6CCB4FD0A586EECB /* libPods.a */ = {isa = PBXFileReference; explicitFileType = archive.ar; includeInIndex = 0; path = libPods.a; sourceTree = BUILT_PRODUCTS_DIR; };
/* End PBXFileReference section */

/* Begin PBXFrameworksBuildPhase section */
		5ECD7E771900DB81002AE274 /* Frameworks */ = {
			isa = PBXFrameworksBuildPhase;
			buildActionMask = 2147483647;
			files = (
				5ECD7E801900DB81002AE274 /* CoreGraphics.framework in Frameworks */,
				5ECD7E821900DB81002AE274 /* UIKit.framework in Frameworks */,
				5ECD7E7E1900DB81002AE274 /* Foundation.framework in Frameworks */,
				915FACC6B33147158C4AFFA4 /* libPods.a in Frameworks */,
			);
			runOnlyForDeploymentPostprocessing = 0;
		};
		5ECD7E921900DB81002AE274 /* Frameworks */ = {
			isa = PBXFrameworksBuildPhase;
			buildActionMask = 2147483647;
			files = (
				5ECD7E971900DB81002AE274 /* XCTest.framework in Frameworks */,
				5ECD7E991900DB81002AE274 /* UIKit.framework in Frameworks */,
				5ECD7E981900DB81002AE274 /* Foundation.framework in Frameworks */,
			);
			runOnlyForDeploymentPostprocessing = 0;
		};
/* End PBXFrameworksBuildPhase section */

/* Begin PBXGroup section */
		5E237E841903495E00D9C6CF /* CWDepthView */ = {
			isa = PBXGroup;
			children = (
				5E237E851903495E00D9C6CF /* CWDepthView.h */,
				5E237E861903495E00D9C6CF /* CWDepthView.m */,
			);
			path = CWDepthView;
			sourceTree = "<group>";
		};
		5E237E8B190447E500D9C6CF /* About View Controller */ = {
			isa = PBXGroup;
			children = (
				5E237E8C190447F300D9C6CF /* CBAAboutViewController.h */,
				5E237E8D190447F300D9C6CF /* CBAAboutViewController.m */,
				5E237E8E190447F300D9C6CF /* CBAAboutViewController.xib */,
			);
			name = "About View Controller";
			sourceTree = "<group>";
		};
		5E2C19E81902ED1F00199075 /* Views */ = {
			isa = PBXGroup;
			children = (
				5E2C19E91902ED2500199075 /* Stop Table View Cell */,
			);
			name = Views;
			sourceTree = "<group>";
		};
		5E2C19E91902ED2500199075 /* Stop Table View Cell */ = {
			isa = PBXGroup;
			children = (
				5E2C19EA1902ED4600199075 /* CBAStopTableViewCell.h */,
				5E2C19EB1902ED4600199075 /* CBAStopTableViewCell.m */,
				5E2C19EC1902ED4600199075 /* CBAStopTableViewCell.xib */,
			);
			name = "Stop Table View Cell";
			sourceTree = "<group>";
		};
		5E9D5754190460C700321A6B /* About Navigation Controller */ = {
			isa = PBXGroup;
			children = (
				5E9D5755190460DD00321A6B /* CBAAboutNavigationViewController.h */,
				5E9D5756190460DD00321A6B /* CBAAboutNavigationViewController.m */,
			);
			name = "About Navigation Controller";
			sourceTree = "<group>";
		};
		5E9D575819046A6900321A6B /* Contract View Controller */ = {
			isa = PBXGroup;
			children = (
				5E9D575919046A8300321A6B /* CBAContractViewController.h */,
				5E9D575A19046A8300321A6B /* CBAContractViewController.m */,
				5E9D575B19046A8300321A6B /* CBAContractViewController.xib */,
			);
			name = "Contract View Controller";
			sourceTree = "<group>";
		};
		5E9D882419032A3A00C41F1A /* BusData */ = {
			isa = PBXGroup;
			children = (
				5E9D882519032A4400C41F1A /* BusData.h */,
				5E9D882619032A4400C41F1A /* BusData.m */,
			);
			name = BusData;
			sourceTree = "<group>";
		};
		5E9D882819032A4700C41F1A /* Routes */ = {
			isa = PBXGroup;
			children = (
				5E9D882919032A5300C41F1A /* Routes.h */,
				5E9D882A19032A5300C41F1A /* Routes.m */,
			);
			name = Routes;
			sourceTree = "<group>";
		};
		5E9D882C19032A5500C41F1A /* Stops */ = {
			isa = PBXGroup;
			children = (
				5E9D882D19032A5B00C41F1A /* Stops.h */,
				5E9D882E19032A5B00C41F1A /* Stops.m */,
			);
			name = Stops;
			sourceTree = "<group>";
		};
		5E9D883019032A6000C41F1A /* Arrivals */ = {
			isa = PBXGroup;
			children = (
				5E9D883119032A6800C41F1A /* Arrivals.h */,
				5E9D883219032A6800C41F1A /* Arrivals.m */,
			);
			name = Arrivals;
			sourceTree = "<group>";
		};
		5E9D88341903378C00C41F1A /* Categories */ = {
			isa = PBXGroup;
			children = (
				5E9D88351903379200C41F1A /* UIColor+Hex */,
			);
			name = Categories;
			sourceTree = "<group>";
		};
		5E9D88351903379200C41F1A /* UIColor+Hex */ = {
			isa = PBXGroup;
			children = (
				5E9D88361903379F00C41F1A /* UIColor+Hex.h */,
				5E9D88371903379F00C41F1A /* UIColor+Hex.m */,
			);
			name = "UIColor+Hex";
			sourceTree = "<group>";
		};
		5E9D883E190344A000C41F1A /* Schedule View Controller */ = {
			isa = PBXGroup;
			children = (
				5E9D883F190344B000C41F1A /* CBAScheduleViewController.h */,
				5E9D8840190344B000C41F1A /* CBAScheduleViewController.m */,
				5E9D8841190344B000C41F1A /* CBAScheduleViewController.xib */,
			);
			name = "Schedule View Controller";
			sourceTree = "<group>";
		};
		5ECD7E711900DB81002AE274 = {
			isa = PBXGroup;
			children = (
				5ECD7E831900DB81002AE274 /* CorvallisBusApp */,
				5ECD7E9C1900DB81002AE274 /* CorvallisBusAppTests */,
				5ECD7E7C1900DB81002AE274 /* Frameworks */,
				5ECD7E7B1900DB81002AE274 /* Products */,
				6FEED512C52541DFA46262C5 /* Pods.xcconfig */,
			);
			sourceTree = "<group>";
		};
		5ECD7E7B1900DB81002AE274 /* Products */ = {
			isa = PBXGroup;
			children = (
				5ECD7E7A1900DB81002AE274 /* CorBus.app */,
				5ECD7E951900DB81002AE274 /* CorvallisBusAppTests.xctest */,
			);
			name = Products;
			sourceTree = "<group>";
		};
		5ECD7E7C1900DB81002AE274 /* Frameworks */ = {
			isa = PBXGroup;
			children = (
				5ECD7E7D1900DB81002AE274 /* Foundation.framework */,
				5ECD7E7F1900DB81002AE274 /* CoreGraphics.framework */,
				5ECD7E811900DB81002AE274 /* UIKit.framework */,
				5ECD7E961900DB81002AE274 /* XCTest.framework */,
				B1CC1EEF6CCB4FD0A586EECB /* libPods.a */,
			);
			name = Frameworks;
			sourceTree = "<group>";
		};
		5ECD7E831900DB81002AE274 /* CorvallisBusApp */ = {
			isa = PBXGroup;
			children = (
				5ECD7E8F1900DB81002AE274 /* Images.xcassets */,
				5ECD7E8C1900DB81002AE274 /* AppDelegate.h */,
				5ECD7E8D1900DB81002AE274 /* AppDelegate.m */,
				5E9D88341903378C00C41F1A /* Categories */,
				5ED32E661900E26A00692D18 /* Models */,
				5E2C19E81902ED1F00199075 /* Views */,
				5ED32E5F1900E0B000692D18 /* View Controllers */,
				5ECD7E841900DB81002AE274 /* Supporting Files */,
			);
			path = CorvallisBusApp;
			sourceTree = "<group>";
		};
		5ECD7E841900DB81002AE274 /* Supporting Files */ = {
			isa = PBXGroup;
			children = (
				5E237E841903495E00D9C6CF /* CWDepthView */,
				5ECD7E851900DB81002AE274 /* CorvallisBusApp-Info.plist */,
				5ECD7E861900DB81002AE274 /* InfoPlist.strings */,
				5ECD7E891900DB81002AE274 /* main.m */,
				5ECD7E8B1900DB81002AE274 /* CorvallisBusApp-Prefix.pch */,
			);
			name = "Supporting Files";
			sourceTree = "<group>";
		};
		5ECD7E9C1900DB81002AE274 /* CorvallisBusAppTests */ = {
			isa = PBXGroup;
			children = (
				5ECD7EA21900DB81002AE274 /* CorvallisBusAppTests.m */,
				5ECD7E9D1900DB81002AE274 /* Supporting Files */,
			);
			path = CorvallisBusAppTests;
			sourceTree = "<group>";
		};
		5ECD7E9D1900DB81002AE274 /* Supporting Files */ = {
			isa = PBXGroup;
			children = (
				5ECD7E9E1900DB81002AE274 /* CorvallisBusAppTests-Info.plist */,
				5ECD7E9F1900DB81002AE274 /* InfoPlist.strings */,
			);
			name = "Supporting Files";
			sourceTree = "<group>";
		};
		5ED32E5F1900E0B000692D18 /* View Controllers */ = {
			isa = PBXGroup;
			children = (
				5E9D5754190460C700321A6B /* About Navigation Controller */,
				5EFCB4B419045362006038D7 /* Legal View Controller */,
				5E237E8B190447E500D9C6CF /* About View Controller */,
				5E9D883E190344A000C41F1A /* Schedule View Controller */,
				5EEABBEF1902FBD40031A884 /* Full Map Panel View Controller */,
				5ED32E601900E0C400692D18 /* Main View Controller */,
			);
			name = "View Controllers";
			sourceTree = "<group>";
		};
		5ED32E601900E0C400692D18 /* Main View Controller */ = {
			isa = PBXGroup;
			children = (
				5ED32E611900E0D200692D18 /* CBAMainViewController.h */,
				5E237E881904413E00D9C6CF /* CBAMainViewController.m */,
				5ED32E631900E0D200692D18 /* CBAMainViewController.xib */,
			);
			name = "Main View Controller";
			sourceTree = "<group>";
		};
		5ED32E661900E26A00692D18 /* Models */ = {
			isa = PBXGroup;
			children = (
				5E9D883019032A6000C41F1A /* Arrivals */,
				5E9D882C19032A5500C41F1A /* Stops */,
				5E9D882819032A4700C41F1A /* Routes */,
				5E9D882419032A3A00C41F1A /* BusData */,
			);
			name = Models;
			sourceTree = "<group>";
		};
		5EEABBEF1902FBD40031A884 /* Full Map Panel View Controller */ = {
			isa = PBXGroup;
			children = (
				5EEABBF01902FBF10031A884 /* CBAFullMapPanelViewController.h */,
				5EEABBF11902FBF10031A884 /* CBAFullMapPanelViewController.m */,
				5EEABBF21902FBF10031A884 /* CBAFullMapPanelViewController.xib */,
			);
			name = "Full Map Panel View Controller";
			sourceTree = "<group>";
		};
		5EFCB4B419045362006038D7 /* Legal View Controller */ = {
			isa = PBXGroup;
			children = (
				5E9D575819046A6900321A6B /* Contract View Controller */,
				5EFCB4B51904536B006038D7 /* CBALegalViewController.h */,
				5EFCB4B61904536B006038D7 /* CBALegalViewController.m */,
				5EFCB4B71904536B006038D7 /* CBALegalViewController.xib */,
			);
			name = "Legal View Controller";
			sourceTree = "<group>";
		};
/* End PBXGroup section */

/* Begin PBXNativeTarget section */
		5ECD7E791900DB81002AE274 /* CorvallisBusApp */ = {
			isa = PBXNativeTarget;
			buildConfigurationList = 5ECD7EA61900DB81002AE274 /* Build configuration list for PBXNativeTarget "CorvallisBusApp" */;
			buildPhases = (
				A0D4DD6266394B3CA8EDC975 /* Check Pods Manifest.lock */,
				5ECD7E761900DB81002AE274 /* Sources */,
				5ECD7E771900DB81002AE274 /* Frameworks */,
				5ECD7E781900DB81002AE274 /* Resources */,
				4BAE1E972B4E4D52AE90C946 /* Copy Pods Resources */,
			);
			buildRules = (
			);
			dependencies = (
			);
			name = CorvallisBusApp;
			productName = CorvallisBusApp;
			productReference = 5ECD7E7A1900DB81002AE274 /* CorBus.app */;
			productType = "com.apple.product-type.application";
		};
		5ECD7E941900DB81002AE274 /* CorvallisBusAppTests */ = {
			isa = PBXNativeTarget;
			buildConfigurationList = 5ECD7EA91900DB81002AE274 /* Build configuration list for PBXNativeTarget "CorvallisBusAppTests" */;
			buildPhases = (
				5ECD7E911900DB81002AE274 /* Sources */,
				5ECD7E921900DB81002AE274 /* Frameworks */,
				5ECD7E931900DB81002AE274 /* Resources */,
			);
			buildRules = (
			);
			dependencies = (
				5ECD7E9B1900DB81002AE274 /* PBXTargetDependency */,
			);
			name = CorvallisBusAppTests;
			productName = CorvallisBusAppTests;
			productReference = 5ECD7E951900DB81002AE274 /* CorvallisBusAppTests.xctest */;
			productType = "com.apple.product-type.bundle.unit-test";
		};
/* End PBXNativeTarget section */

/* Begin PBXProject section */
		5ECD7E721900DB81002AE274 /* Project object */ = {
			isa = PBXProject;
			attributes = {
				LastUpgradeCheck = 0510;
				ORGANIZATIONNAME = "Corvallis Bus App";
				TargetAttributes = {
					5ECD7E941900DB81002AE274 = {
						TestTargetID = 5ECD7E791900DB81002AE274;
					};
				};
			};
			buildConfigurationList = 5ECD7E751900DB81002AE274 /* Build configuration list for PBXProject "CorvallisBusApp" */;
			compatibilityVersion = "Xcode 3.2";
			developmentRegion = English;
			hasScannedForEncodings = 0;
			knownRegions = (
				en,
			);
			mainGroup = 5ECD7E711900DB81002AE274;
			productRefGroup = 5ECD7E7B1900DB81002AE274 /* Products */;
			projectDirPath = "";
			projectRoot = "";
			targets = (
				5ECD7E791900DB81002AE274 /* CorvallisBusApp */,
				5ECD7E941900DB81002AE274 /* CorvallisBusAppTests */,
			);
		};
/* End PBXProject section */

/* Begin PBXResourcesBuildPhase section */
		5ECD7E781900DB81002AE274 /* Resources */ = {
			isa = PBXResourcesBuildPhase;
			buildActionMask = 2147483647;
			files = (
				5E237E90190447F300D9C6CF /* CBAAboutViewController.xib in Resources */,
				5E2C19EE1902ED4600199075 /* CBAStopTableViewCell.xib in Resources */,
				5ECD7E881900DB81002AE274 /* InfoPlist.strings in Resources */,
				5E9D8843190344B000C41F1A /* CBAScheduleViewController.xib in Resources */,
				5E9D575D19046A8300321A6B /* CBAContractViewController.xib in Resources */,
				5EEABBF41902FBF10031A884 /* CBAFullMapPanelViewController.xib in Resources */,
				5EFCB4B91904536B006038D7 /* CBALegalViewController.xib in Resources */,
				5ECD7E901900DB81002AE274 /* Images.xcassets in Resources */,
				5ED32E651900E0D200692D18 /* CBAMainViewController.xib in Resources */,
			);
			runOnlyForDeploymentPostprocessing = 0;
		};
		5ECD7E931900DB81002AE274 /* Resources */ = {
			isa = PBXResourcesBuildPhase;
			buildActionMask = 2147483647;
			files = (
				5ECD7EA11900DB81002AE274 /* InfoPlist.strings in Resources */,
			);
			runOnlyForDeploymentPostprocessing = 0;
		};
/* End PBXResourcesBuildPhase section */

/* Begin PBXShellScriptBuildPhase section */
		4BAE1E972B4E4D52AE90C946 /* Copy Pods Resources */ = {
			isa = PBXShellScriptBuildPhase;
			buildActionMask = 2147483647;
			files = (
			);
			inputPaths = (
			);
			name = "Copy Pods Resources";
			outputPaths = (
			);
			runOnlyForDeploymentPostprocessing = 0;
			shellPath = /bin/sh;
			shellScript = "\"${SRCROOT}/Pods/Pods-resources.sh\"\n";
			showEnvVarsInLog = 0;
		};
		A0D4DD6266394B3CA8EDC975 /* Check Pods Manifest.lock */ = {
			isa = PBXShellScriptBuildPhase;
			buildActionMask = 2147483647;
			files = (
			);
			inputPaths = (
			);
			name = "Check Pods Manifest.lock";
			outputPaths = (
			);
			runOnlyForDeploymentPostprocessing = 0;
			shellPath = /bin/sh;
			shellScript = "diff \"${PODS_ROOT}/../Podfile.lock\" \"${PODS_ROOT}/Manifest.lock\" > /dev/null\nif [[ $? != 0 ]] ; then\n    cat << EOM\nerror: The sandbox is not in sync with the Podfile.lock. Run 'pod install' or update your CocoaPods installation.\nEOM\n    exit 1\nfi\n";
			showEnvVarsInLog = 0;
		};
/* End PBXShellScriptBuildPhase section */

/* Begin PBXSourcesBuildPhase section */
		5ECD7E761900DB81002AE274 /* Sources */ = {
			isa = PBXSourcesBuildPhase;
			buildActionMask = 2147483647;
			files = (
				5E237E891904413E00D9C6CF /* CBAMainViewController.m in Sources */,
				5E9D882719032A4400C41F1A /* BusData.m in Sources */,
				5E9D88381903379F00C41F1A /* UIColor+Hex.m in Sources */,
				5E237E871903495E00D9C6CF /* CWDepthView.m in Sources */,
				5E2C19ED1902ED4600199075 /* CBAStopTableViewCell.m in Sources */,
				5EEABBF31902FBF10031A884 /* CBAFullMapPanelViewController.m in Sources */,
				5E9D882F19032A5B00C41F1A /* Stops.m in Sources */,
				5E9D5757190460DD00321A6B /* CBAAboutNavigationViewController.m in Sources */,
				5E237E8F190447F300D9C6CF /* CBAAboutViewController.m in Sources */,
				5E9D575C19046A8300321A6B /* CBAContractViewController.m in Sources */,
				5E9D882B19032A5300C41F1A /* Routes.m in Sources */,
				5EFCB4B81904536B006038D7 /* CBALegalViewController.m in Sources */,
				5E9D8842190344B000C41F1A /* CBAScheduleViewController.m in Sources */,
				5ECD7E8E1900DB81002AE274 /* AppDelegate.m in Sources */,
				5ECD7E8A1900DB81002AE274 /* main.m in Sources */,
				5E9D883319032A6800C41F1A /* Arrivals.m in Sources */,
			);
			runOnlyForDeploymentPostprocessing = 0;
		};
		5ECD7E911900DB81002AE274 /* Sources */ = {
			isa = PBXSourcesBuildPhase;
			buildActionMask = 2147483647;
			files = (
				5ECD7EA31900DB81002AE274 /* CorvallisBusAppTests.m in Sources */,
			);
			runOnlyForDeploymentPostprocessing = 0;
		};
/* End PBXSourcesBuildPhase section */

/* Begin PBXTargetDependency section */
		5ECD7E9B1900DB81002AE274 /* PBXTargetDependency */ = {
			isa = PBXTargetDependency;
			target = 5ECD7E791900DB81002AE274 /* CorvallisBusApp */;
			targetProxy = 5ECD7E9A1900DB81002AE274 /* PBXContainerItemProxy */;
		};
/* End PBXTargetDependency section */

/* Begin PBXVariantGroup section */
		5ECD7E861900DB81002AE274 /* InfoPlist.strings */ = {
			isa = PBXVariantGroup;
			children = (
				5ECD7E871900DB81002AE274 /* en */,
			);
			name = InfoPlist.strings;
			sourceTree = "<group>";
		};
		5ECD7E9F1900DB81002AE274 /* InfoPlist.strings */ = {
			isa = PBXVariantGroup;
			children = (
				5ECD7EA01900DB81002AE274 /* en */,
			);
			name = InfoPlist.strings;
			sourceTree = "<group>";
		};
/* End PBXVariantGroup section */

/* Begin XCBuildConfiguration section */
		5ECD7EA41900DB81002AE274 /* Debug */ = {
			isa = XCBuildConfiguration;
			buildSettings = {
				ALWAYS_SEARCH_USER_PATHS = NO;
				CLANG_CXX_LANGUAGE_STANDARD = "gnu++0x";
				CLANG_CXX_LIBRARY = "libc++";
				CLANG_ENABLE_MODULES = YES;
				CLANG_ENABLE_OBJC_ARC = YES;
				CLANG_WARN_BOOL_CONVERSION = YES;
				CLANG_WARN_CONSTANT_CONVERSION = YES;
				CLANG_WARN_DIRECT_OBJC_ISA_USAGE = YES_ERROR;
				CLANG_WARN_EMPTY_BODY = YES;
				CLANG_WARN_ENUM_CONVERSION = YES;
				CLANG_WARN_INT_CONVERSION = YES;
				CLANG_WARN_OBJC_ROOT_CLASS = YES_ERROR;
				CLANG_WARN__DUPLICATE_METHOD_MATCH = YES;
				"CODE_SIGN_IDENTITY[sdk=iphoneos*]" = "iPhone Developer";
				COPY_PHASE_STRIP = NO;
				GCC_C_LANGUAGE_STANDARD = gnu99;
				GCC_DYNAMIC_NO_PIC = NO;
				GCC_OPTIMIZATION_LEVEL = 0;
				GCC_PREPROCESSOR_DEFINITIONS = (
					"DEBUG=1",
					"$(inherited)",
				);
				GCC_SYMBOLS_PRIVATE_EXTERN = NO;
				GCC_WARN_64_TO_32_BIT_CONVERSION = YES;
				GCC_WARN_ABOUT_RETURN_TYPE = YES_ERROR;
				GCC_WARN_UNDECLARED_SELECTOR = YES;
				GCC_WARN_UNINITIALIZED_AUTOS = YES_AGGRESSIVE;
				GCC_WARN_UNUSED_FUNCTION = YES;
				GCC_WARN_UNUSED_VARIABLE = YES;
				IPHONEOS_DEPLOYMENT_TARGET = 7.1;
				ONLY_ACTIVE_ARCH = YES;
				SDKROOT = iphoneos;
			};
			name = Debug;
		};
		5ECD7EA51900DB81002AE274 /* Release */ = {
			isa = XCBuildConfiguration;
			buildSettings = {
				ALWAYS_SEARCH_USER_PATHS = NO;
				CLANG_CXX_LANGUAGE_STANDARD = "gnu++0x";
				CLANG_CXX_LIBRARY = "libc++";
				CLANG_ENABLE_MODULES = YES;
				CLANG_ENABLE_OBJC_ARC = YES;
				CLANG_WARN_BOOL_CONVERSION = YES;
				CLANG_WARN_CONSTANT_CONVERSION = YES;
				CLANG_WARN_DIRECT_OBJC_ISA_USAGE = YES_ERROR;
				CLANG_WARN_EMPTY_BODY = YES;
				CLANG_WARN_ENUM_CONVERSION = YES;
				CLANG_WARN_INT_CONVERSION = YES;
				CLANG_WARN_OBJC_ROOT_CLASS = YES_ERROR;
				CLANG_WARN__DUPLICATE_METHOD_MATCH = YES;
				"CODE_SIGN_IDENTITY[sdk=iphoneos*]" = "iPhone Developer";
				COPY_PHASE_STRIP = YES;
				ENABLE_NS_ASSERTIONS = NO;
				GCC_C_LANGUAGE_STANDARD = gnu99;
				GCC_WARN_64_TO_32_BIT_CONVERSION = YES;
				GCC_WARN_ABOUT_RETURN_TYPE = YES_ERROR;
				GCC_WARN_UNDECLARED_SELECTOR = YES;
				GCC_WARN_UNINITIALIZED_AUTOS = YES_AGGRESSIVE;
				GCC_WARN_UNUSED_FUNCTION = YES;
				GCC_WARN_UNUSED_VARIABLE = YES;
				IPHONEOS_DEPLOYMENT_TARGET = 7.1;
				SDKROOT = iphoneos;
				VALIDATE_PRODUCT = YES;
			};
			name = Release;
		};
		5ECD7EA71900DB81002AE274 /* Debug */ = {
			isa = XCBuildConfiguration;
			baseConfigurationReference = 6FEED512C52541DFA46262C5 /* Pods.xcconfig */;
			buildSettings = {
				ASSETCATALOG_COMPILER_APPICON_NAME = AppIcon;
				ASSETCATALOG_COMPILER_LAUNCHIMAGE_NAME = LaunchImage;
				GCC_PRECOMPILE_PREFIX_HEADER = YES;
				GCC_PREFIX_HEADER = "CorvallisBusApp/CorvallisBusApp-Prefix.pch";
				INFOPLIST_FILE = "CorvallisBusApp/CorvallisBusApp-Info.plist";
				PRODUCT_NAME = CorBus;
				WRAPPER_EXTENSION = app;
			};
			name = Debug;
		};
		5ECD7EA81900DB81002AE274 /* Release */ = {
			isa = XCBuildConfiguration;
			baseConfigurationReference = 6FEED512C52541DFA46262C5 /* Pods.xcconfig */;
			buildSettings = {
				ASSETCATALOG_COMPILER_APPICON_NAME = AppIcon;
				ASSETCATALOG_COMPILER_LAUNCHIMAGE_NAME = LaunchImage;
				GCC_PRECOMPILE_PREFIX_HEADER = YES;
				GCC_PREFIX_HEADER = "CorvallisBusApp/CorvallisBusApp-Prefix.pch";
				INFOPLIST_FILE = "CorvallisBusApp/CorvallisBusApp-Info.plist";
				PRODUCT_NAME = CorBus;
				WRAPPER_EXTENSION = app;
			};
			name = Release;
		};
		5ECD7EAA1900DB81002AE274 /* Debug */ = {
			isa = XCBuildConfiguration;
			buildSettings = {
				BUNDLE_LOADER = "$(BUILT_PRODUCTS_DIR)/CorvallisBusApp.app/CorvallisBusApp";
				FRAMEWORK_SEARCH_PATHS = (
					"$(SDKROOT)/Developer/Library/Frameworks",
					"$(inherited)",
					"$(DEVELOPER_FRAMEWORKS_DIR)",
				);
				GCC_PRECOMPILE_PREFIX_HEADER = YES;
				GCC_PREFIX_HEADER = "CorvallisBusApp/CorvallisBusApp-Prefix.pch";
				GCC_PREPROCESSOR_DEFINITIONS = (
					"DEBUG=1",
					"$(inherited)",
				);
				INFOPLIST_FILE = "CorvallisBusAppTests/CorvallisBusAppTests-Info.plist";
				PRODUCT_NAME = "$(TARGET_NAME)";
				TEST_HOST = "$(BUNDLE_LOADER)";
				WRAPPER_EXTENSION = xctest;
			};
			name = Debug;
		};
		5ECD7EAB1900DB81002AE274 /* Release */ = {
			isa = XCBuildConfiguration;
			buildSettings = {
				BUNDLE_LOADER = "$(BUILT_PRODUCTS_DIR)/CorvallisBusApp.app/CorvallisBusApp";
				FRAMEWORK_SEARCH_PATHS = (
					"$(SDKROOT)/Developer/Library/Frameworks",
					"$(inherited)",
					"$(DEVELOPER_FRAMEWORKS_DIR)",
				);
				GCC_PRECOMPILE_PREFIX_HEADER = YES;
				GCC_PREFIX_HEADER = "CorvallisBusApp/CorvallisBusApp-Prefix.pch";
				INFOPLIST_FILE = "CorvallisBusAppTests/CorvallisBusAppTests-Info.plist";
				PRODUCT_NAME = "$(TARGET_NAME)";
				TEST_HOST = "$(BUNDLE_LOADER)";
				WRAPPER_EXTENSION = xctest;
			};
			name = Release;
		};
/* End XCBuildConfiguration section */

/* Begin XCConfigurationList section */
		5ECD7E751900DB81002AE274 /* Build configuration list for PBXProject "CorvallisBusApp" */ = {
			isa = XCConfigurationList;
			buildConfigurations = (
				5ECD7EA41900DB81002AE274 /* Debug */,
				5ECD7EA51900DB81002AE274 /* Release */,
			);
			defaultConfigurationIsVisible = 0;
			defaultConfigurationName = Release;
		};
		5ECD7EA61900DB81002AE274 /* Build configuration list for PBXNativeTarget "CorvallisBusApp" */ = {
			isa = XCConfigurationList;
			buildConfigurations = (
				5ECD7EA71900DB81002AE274 /* Debug */,
				5ECD7EA81900DB81002AE274 /* Release */,
			);
			defaultConfigurationIsVisible = 0;
			defaultConfigurationName = Release;
		};
		5ECD7EA91900DB81002AE274 /* Build configuration list for PBXNativeTarget "CorvallisBusAppTests" */ = {
			isa = XCConfigurationList;
			buildConfigurations = (
				5ECD7EAA1900DB81002AE274 /* Debug */,
				5ECD7EAB1900DB81002AE274 /* Release */,
			);
			defaultConfigurationIsVisible = 0;
			defaultConfigurationName = Release;
		};
/* End XCConfigurationList section */
	};
	rootObject = 5ECD7E721900DB81002AE274 /* Project object */;
}
